<?xml version="1.0" encoding="UTF-8"?>
<Project ToolsVersion="12.0" xmlns="http://schemas.microsoft.com/developer/msbuild/2003">
  <ItemGroup>
    <CustomBuild Include="C:\Users\Kesis\Documents\SourceTree\Jopnal\extlibs\Visual Studio 12 2013\src\Ogg-build\CMakeFiles\5bf2f0e7d58b06a8f2032f8043c68ed9\INSTALL_force.rule">
      <Filter>CMake Rules</Filter>
    </CustomBuild>
  </ItemGroup>
  <ItemGroup>
    <Filter Include="CMake Rules">
      <UniqueIdentifier>{BA0C001A-6FCB-36E1-BB28-FB84E77EB3EF}</UniqueIdentifier>
    </Filter>
  </ItemGroup>
</Project>
