
Microsoft Visual Studio Solution File, Format Version 12.00
# Visual Studio 2013
VisualStudioVersion = 12.0.30501.0
MinimumVisualStudioVersion = 10.0.40219.1
Project("{8BC9CEB8-8B4A-11D0-8D11-00A0C91BC942}") = "Jopnal Engine", "Jopnal Engine\Jopnal Engine.vcxproj", "{05E2B2F8-17E8-4A01-8396-27CE1B84720E}"
EndProject
Project("{8BC9CEB8-8B4A-11D0-8D11-00A0C91BC942}") = "Test App", "Test App\Test App.vcxproj", "{25C030D3-0F14-4103-873F-E198CE5C3502}"
EndProject
Global
	GlobalSection(SolutionConfigurationPlatforms) = preSolution
		Debug|Win32 = Debug|Win32
		Release|Win32 = Release|Win32
	EndGlobalSection
	GlobalSection(ProjectConfigurationPlatforms) = postSolution
		{05E2B2F8-17E8-4A01-8396-27CE1B84720E}.Debug|Win32.ActiveCfg = Debug|Win32
		{05E2B2F8-17E8-4A01-8396-27CE1B84720E}.Debug|Win32.Build.0 = Debug|Win32
		{05E2B2F8-17E8-4A01-8396-27CE1B84720E}.Release|Win32.ActiveCfg = Release|Win32
		{05E2B2F8-17E8-4A01-8396-27CE1B84720E}.Release|Win32.Build.0 = Release|Win32
		{25C030D3-0F14-4103-873F-E198CE5C3502}.Debug|Win32.ActiveCfg = Debug|Win32
		{25C030D3-0F14-4103-873F-E198CE5C3502}.Debug|Win32.Build.0 = Debug|Win32
		{25C030D3-0F14-4103-873F-E198CE5C3502}.Release|Win32.ActiveCfg = Release|Win32
		{25C030D3-0F14-4103-873F-E198CE5C3502}.Release|Win32.Build.0 = Release|Win32
	EndGlobalSection
	GlobalSection(SolutionProperties) = preSolution
		HideSolutionNode = FALSE
	EndGlobalSection
EndGlobal
