Microsoft Visual Studio Solution File, Format Version 12.00
# Visual Studio 2013
Project("{8BC9CEB8-8B4A-11D0-8D11-00A0C91BC942}") = "ALL_BUILD", "ALL_BUILD.vcxproj", "{4620039B-DE33-3282-8242-F7174FFFAF78}"
	ProjectSection(ProjectDependencies) = postProject
		{92B52B03-F3D0-3F4E-8951-F33113357597} = {92B52B03-F3D0-3F4E-8951-F33113357597}
		{72DC8FE0-24BA-3E55-8F4D-347CD5C88716} = {72DC8FE0-24BA-3E55-8F4D-347CD5C88716}
		{0DFE9527-F7FB-3E0B-90D3-E5843EC5A631} = {0DFE9527-F7FB-3E0B-90D3-E5843EC5A631}
		{61CA5C2D-7214-3F34-99D6-02FE5266C7B7} = {61CA5C2D-7214-3F34-99D6-02FE5266C7B7}
		{FF7F67F4-E35A-3EF9-B6C2-E236B6F3EEF3} = {FF7F67F4-E35A-3EF9-B6C2-E236B6F3EEF3}
	EndProjectSection
EndProject
Project("{8BC9CEB8-8B4A-11D0-8D11-00A0C91BC942}") = "BulletCollision", "src\BulletCollision\BulletCollision.vcxproj", "{92B52B03-F3D0-3F4E-8951-F33113357597}"
	ProjectSection(ProjectDependencies) = postProject
		{FF7F67F4-E35A-3EF9-B6C2-E236B6F3EEF3} = {FF7F67F4-E35A-3EF9-B6C2-E236B6F3EEF3}
	EndProjectSection
EndProject
Project("{8BC9CEB8-8B4A-11D0-8D11-00A0C91BC942}") = "BulletDynamics", "src\BulletDynamics\BulletDynamics.vcxproj", "{72DC8FE0-24BA-3E55-8F4D-347CD5C88716}"
	ProjectSection(ProjectDependencies) = postProject
		{FF7F67F4-E35A-3EF9-B6C2-E236B6F3EEF3} = {FF7F67F4-E35A-3EF9-B6C2-E236B6F3EEF3}
	EndProjectSection
EndProject
Project("{8BC9CEB8-8B4A-11D0-8D11-00A0C91BC942}") = "BulletSoftBody", "src\BulletSoftBody\BulletSoftBody.vcxproj", "{0DFE9527-F7FB-3E0B-90D3-E5843EC5A631}"
	ProjectSection(ProjectDependencies) = postProject
		{FF7F67F4-E35A-3EF9-B6C2-E236B6F3EEF3} = {FF7F67F4-E35A-3EF9-B6C2-E236B6F3EEF3}
	EndProjectSection
EndProject
Project("{8BC9CEB8-8B4A-11D0-8D11-00A0C91BC942}") = "INSTALL", "INSTALL.vcxproj", "{2CDF359C-3210-3910-BC0D-B5B74AD26AB2}"
	ProjectSection(ProjectDependencies) = postProject
		{4620039B-DE33-3282-8242-F7174FFFAF78} = {4620039B-DE33-3282-8242-F7174FFFAF78}
		{FF7F67F4-E35A-3EF9-B6C2-E236B6F3EEF3} = {FF7F67F4-E35A-3EF9-B6C2-E236B6F3EEF3}
	EndProjectSection
EndProject
Project("{8BC9CEB8-8B4A-11D0-8D11-00A0C91BC942}") = "LinearMath", "src\LinearMath\LinearMath.vcxproj", "{61CA5C2D-7214-3F34-99D6-02FE5266C7B7}"
	ProjectSection(ProjectDependencies) = postProject
		{FF7F67F4-E35A-3EF9-B6C2-E236B6F3EEF3} = {FF7F67F4-E35A-3EF9-B6C2-E236B6F3EEF3}
	EndProjectSection
EndProject
Project("{8BC9CEB8-8B4A-11D0-8D11-00A0C91BC942}") = "ZERO_CHECK", "ZERO_CHECK.vcxproj", "{FF7F67F4-E35A-3EF9-B6C2-E236B6F3EEF3}"
	ProjectSection(ProjectDependencies) = postProject
	EndProjectSection
EndProject
Global
	GlobalSection(SolutionConfigurationPlatforms) = preSolution
		Debug|Win32 = Debug|Win32
		Release|Win32 = Release|Win32
		MinSizeRel|Win32 = MinSizeRel|Win32
		RelWithDebInfo|Win32 = RelWithDebInfo|Win32
	EndGlobalSection
	GlobalSection(ProjectConfigurationPlatforms) = postSolution
		{4620039B-DE33-3282-8242-F7174FFFAF78}.Debug|Win32.ActiveCfg = Debug|Win32
		{4620039B-DE33-3282-8242-F7174FFFAF78}.Debug|Win32.Build.0 = Debug|Win32
		{4620039B-DE33-3282-8242-F7174FFFAF78}.Release|Win32.ActiveCfg = Release|Win32
		{4620039B-DE33-3282-8242-F7174FFFAF78}.Release|Win32.Build.0 = Release|Win32
		{4620039B-DE33-3282-8242-F7174FFFAF78}.MinSizeRel|Win32.ActiveCfg = MinSizeRel|Win32
		{4620039B-DE33-3282-8242-F7174FFFAF78}.MinSizeRel|Win32.Build.0 = MinSizeRel|Win32
		{4620039B-DE33-3282-8242-F7174FFFAF78}.RelWithDebInfo|Win32.ActiveCfg = RelWithDebInfo|Win32
		{4620039B-DE33-3282-8242-F7174FFFAF78}.RelWithDebInfo|Win32.Build.0 = RelWithDebInfo|Win32
		{92B52B03-F3D0-3F4E-8951-F33113357597}.Debug|Win32.ActiveCfg = Debug|Win32
		{92B52B03-F3D0-3F4E-8951-F33113357597}.Debug|Win32.Build.0 = Debug|Win32
		{92B52B03-F3D0-3F4E-8951-F33113357597}.Release|Win32.ActiveCfg = Release|Win32
		{92B52B03-F3D0-3F4E-8951-F33113357597}.Release|Win32.Build.0 = Release|Win32
		{92B52B03-F3D0-3F4E-8951-F33113357597}.MinSizeRel|Win32.ActiveCfg = MinSizeRel|Win32
		{92B52B03-F3D0-3F4E-8951-F33113357597}.MinSizeRel|Win32.Build.0 = MinSizeRel|Win32
		{92B52B03-F3D0-3F4E-8951-F33113357597}.RelWithDebInfo|Win32.ActiveCfg = RelWithDebInfo|Win32
		{92B52B03-F3D0-3F4E-8951-F33113357597}.RelWithDebInfo|Win32.Build.0 = RelWithDebInfo|Win32
		{72DC8FE0-24BA-3E55-8F4D-347CD5C88716}.Debug|Win32.ActiveCfg = Debug|Win32
		{72DC8FE0-24BA-3E55-8F4D-347CD5C88716}.Debug|Win32.Build.0 = Debug|Win32
		{72DC8FE0-24BA-3E55-8F4D-347CD5C88716}.Release|Win32.ActiveCfg = Release|Win32
		{72DC8FE0-24BA-3E55-8F4D-347CD5C88716}.Release|Win32.Build.0 = Release|Win32
		{72DC8FE0-24BA-3E55-8F4D-347CD5C88716}.MinSizeRel|Win32.ActiveCfg = MinSizeRel|Win32
		{72DC8FE0-24BA-3E55-8F4D-347CD5C88716}.MinSizeRel|Win32.Build.0 = MinSizeRel|Win32
		{72DC8FE0-24BA-3E55-8F4D-347CD5C88716}.RelWithDebInfo|Win32.ActiveCfg = RelWithDebInfo|Win32
		{72DC8FE0-24BA-3E55-8F4D-347CD5C88716}.RelWithDebInfo|Win32.Build.0 = RelWithDebInfo|Win32
		{0DFE9527-F7FB-3E0B-90D3-E5843EC5A631}.Debug|Win32.ActiveCfg = Debug|Win32
		{0DFE9527-F7FB-3E0B-90D3-E5843EC5A631}.Debug|Win32.Build.0 = Debug|Win32
		{0DFE9527-F7FB-3E0B-90D3-E5843EC5A631}.Release|Win32.ActiveCfg = Release|Win32
		{0DFE9527-F7FB-3E0B-90D3-E5843EC5A631}.Release|Win32.Build.0 = Release|Win32
		{0DFE9527-F7FB-3E0B-90D3-E5843EC5A631}.MinSizeRel|Win32.ActiveCfg = MinSizeRel|Win32
		{0DFE9527-F7FB-3E0B-90D3-E5843EC5A631}.MinSizeRel|Win32.Build.0 = MinSizeRel|Win32
		{0DFE9527-F7FB-3E0B-90D3-E5843EC5A631}.RelWithDebInfo|Win32.ActiveCfg = RelWithDebInfo|Win32
		{0DFE9527-F7FB-3E0B-90D3-E5843EC5A631}.RelWithDebInfo|Win32.Build.0 = RelWithDebInfo|Win32
		{2CDF359C-3210-3910-BC0D-B5B74AD26AB2}.Debug|Win32.ActiveCfg = Debug|Win32
		{2CDF359C-3210-3910-BC0D-B5B74AD26AB2}.Release|Win32.ActiveCfg = Release|Win32
		{2CDF359C-3210-3910-BC0D-B5B74AD26AB2}.MinSizeRel|Win32.ActiveCfg = MinSizeRel|Win32
		{2CDF359C-3210-3910-BC0D-B5B74AD26AB2}.RelWithDebInfo|Win32.ActiveCfg = RelWithDebInfo|Win32
		{61CA5C2D-7214-3F34-99D6-02FE5266C7B7}.Debug|Win32.ActiveCfg = Debug|Win32
		{61CA5C2D-7214-3F34-99D6-02FE5266C7B7}.Debug|Win32.Build.0 = Debug|Win32
		{61CA5C2D-7214-3F34-99D6-02FE5266C7B7}.Release|Win32.ActiveCfg = Release|Win32
		{61CA5C2D-7214-3F34-99D6-02FE5266C7B7}.Release|Win32.Build.0 = Release|Win32
		{61CA5C2D-7214-3F34-99D6-02FE5266C7B7}.MinSizeRel|Win32.ActiveCfg = MinSizeRel|Win32
		{61CA5C2D-7214-3F34-99D6-02FE5266C7B7}.MinSizeRel|Win32.Build.0 = MinSizeRel|Win32
		{61CA5C2D-7214-3F34-99D6-02FE5266C7B7}.RelWithDebInfo|Win32.ActiveCfg = RelWithDebInfo|Win32
		{61CA5C2D-7214-3F34-99D6-02FE5266C7B7}.RelWithDebInfo|Win32.Build.0 = RelWithDebInfo|Win32
		{FF7F67F4-E35A-3EF9-B6C2-E236B6F3EEF3}.Debug|Win32.ActiveCfg = Debug|Win32
		{FF7F67F4-E35A-3EF9-B6C2-E236B6F3EEF3}.Debug|Win32.Build.0 = Debug|Win32
		{FF7F67F4-E35A-3EF9-B6C2-E236B6F3EEF3}.Release|Win32.ActiveCfg = Release|Win32
		{FF7F67F4-E35A-3EF9-B6C2-E236B6F3EEF3}.Release|Win32.Build.0 = Release|Win32
		{FF7F67F4-E35A-3EF9-B6C2-E236B6F3EEF3}.MinSizeRel|Win32.ActiveCfg = MinSizeRel|Win32
		{FF7F67F4-E35A-3EF9-B6C2-E236B6F3EEF3}.MinSizeRel|Win32.Build.0 = MinSizeRel|Win32
		{FF7F67F4-E35A-3EF9-B6C2-E236B6F3EEF3}.RelWithDebInfo|Win32.ActiveCfg = RelWithDebInfo|Win32
		{FF7F67F4-E35A-3EF9-B6C2-E236B6F3EEF3}.RelWithDebInfo|Win32.Build.0 = RelWithDebInfo|Win32
	EndGlobalSection
	GlobalSection(ExtensibilityGlobals) = postSolution
	EndGlobalSection
	GlobalSection(ExtensibilityAddIns) = postSolution
	EndGlobalSection
EndGlobal
