<?xml version="1.0" encoding="utf-8"?>
<Project ToolsVersion="4.0" xmlns="http://schemas.microsoft.com/developer/msbuild/2003">
  <ItemGroup>
    <Filter Include="Root">
      <UniqueIdentifier>{98b129d1-5fc3-466a-8382-cad252e11cb6}</UniqueIdentifier>
    </Filter>
    <Filter Include="Root\Headers">
      <UniqueIdentifier>{45766c9e-4d81-46b0-ac22-7aea7491bf38}</UniqueIdentifier>
    </Filter>
    <Filter Include="Root\Source">
      <UniqueIdentifier>{b4fd0e46-d6c2-4595-a085-b9f07a35c85e}</UniqueIdentifier>
    </Filter>
    <Filter Include="Window">
      <UniqueIdentifier>{2f436188-fb35-4928-bc31-81311d4a8ba4}</UniqueIdentifier>
    </Filter>
    <Filter Include="Core">
      <UniqueIdentifier>{610b67f5-348f-4421-909d-2134e83012d5}</UniqueIdentifier>
    </Filter>
    <Filter Include="Graphics">
      <UniqueIdentifier>{a724f1aa-7b91-4fe5-a825-f845619017d3}</UniqueIdentifier>
    </Filter>
    <Filter Include="Audio">
      <UniqueIdentifier>{a5c7c9cd-5b47-4d7a-8b25-103ad1803ddb}</UniqueIdentifier>
    </Filter>
    <Filter Include="Core\Headers">
      <UniqueIdentifier>{b86baf58-d317-4468-ae33-7c33728a457c}</UniqueIdentifier>
    </Filter>
    <Filter Include="Core\Source">
      <UniqueIdentifier>{bffc58fe-5e8c-4764-971f-77a55805638f}</UniqueIdentifier>
    </Filter>
    <Filter Include="Graphics\Headers">
      <UniqueIdentifier>{9e48100c-f223-452f-a6c4-f51c9cad4208}</UniqueIdentifier>
    </Filter>
    <Filter Include="Graphics\Source">
      <UniqueIdentifier>{c82fce22-7d71-4047-b713-ee20b6721f22}</UniqueIdentifier>
    </Filter>
    <Filter Include="Audio\Headers">
      <UniqueIdentifier>{9b5a64e1-66b2-4f7c-8bea-7aa15991803f}</UniqueIdentifier>
    </Filter>
    <Filter Include="Audio\Source">
      <UniqueIdentifier>{9dea65b3-e88a-44ab-8bb0-9a98f7dc1610}</UniqueIdentifier>
    </Filter>
    <Filter Include="Window\Headers">
      <UniqueIdentifier>{47f6ab00-6717-42b3-a090-a86f85524b41}</UniqueIdentifier>
    </Filter>
    <Filter Include="Window\Source">
      <UniqueIdentifier>{84932558-c9d2-4406-a0e3-eb8942c96069}</UniqueIdentifier>
    </Filter>
    <Filter Include="Window\Source\Desktop">
      <UniqueIdentifier>{500da4b2-ba2c-40a2-a2d3-bd4a52d67f3d}</UniqueIdentifier>
    </Filter>
    <Filter Include="Utility">
      <UniqueIdentifier>{b85b92fb-61cf-4543-bc5b-3aef2fa88601}</UniqueIdentifier>
    </Filter>
    <Filter Include="Utility\Headers">
      <UniqueIdentifier>{94dac91f-2c18-4ff0-8c04-f66e93fdead4}</UniqueIdentifier>
    </Filter>
    <Filter Include="Utility\Source">
      <UniqueIdentifier>{fc074942-05b2-4205-b1de-d1efb9873f36}</UniqueIdentifier>
    </Filter>
    <Filter Include="Core\Inl">
      <UniqueIdentifier>{6090c775-a218-4bae-8dc2-3f0b8a1e7265}</UniqueIdentifier>
    </Filter>
    <Filter Include="Window\Inl">
      <UniqueIdentifier>{cfdcf1ee-84a0-4bc0-89b1-0d0b3038ef40}</UniqueIdentifier>
    </Filter>
    <Filter Include="Utility\Inl">
      <UniqueIdentifier>{f994c5fc-c54d-4962-b0e9-356cbf5870d6}</UniqueIdentifier>
    </Filter>
    <Filter Include="Graphics\Headers\Mesh">
      <UniqueIdentifier>{c45e058d-f981-4aad-9dd5-78617753d555}</UniqueIdentifier>
    </Filter>
    <Filter Include="Graphics\Source\Mesh">
      <UniqueIdentifier>{836452c1-2bc8-4f50-8f78-2f715b596dd2}</UniqueIdentifier>
    </Filter>
    <Filter Include="Physics">
      <UniqueIdentifier>{61b6523f-a84f-4c7c-ac30-d4d0d0321046}</UniqueIdentifier>
    </Filter>
    <Filter Include="Physics\Headers">
      <UniqueIdentifier>{0b379d10-70d4-4ee3-8022-bc01f119e3db}</UniqueIdentifier>
    </Filter>
    <Filter Include="Physics\Source">
      <UniqueIdentifier>{e2f02073-e375-4894-8ebe-7e12d1a7bcae}</UniqueIdentifier>
    </Filter>
    <Filter Include="Graphics\Headers\Texture">
      <UniqueIdentifier>{5fcb2964-a2e5-484c-936d-1fec7e84027b}</UniqueIdentifier>
    </Filter>
    <Filter Include="Graphics\Source\Texture">
      <UniqueIdentifier>{36308d76-9b24-4dee-8b71-9f580d0b289a}</UniqueIdentifier>
    </Filter>
    <Filter Include="Physics\Source\Shape">
      <UniqueIdentifier>{8106b9ab-2862-4726-8ac2-edbb96b3dbf7}</UniqueIdentifier>
    </Filter>
    <Filter Include="Physics\Headers\Shape">
      <UniqueIdentifier>{1bac09cd-8dd0-4b05-b0f3-af1719f8ac6c}</UniqueIdentifier>
    </Filter>
    <Filter Include="Physics\Source\Detail">
      <UniqueIdentifier>{b1b812a3-cb9c-40f1-a7c4-7d0039e252b9}</UniqueIdentifier>
    </Filter>
    <Filter Include="Utility\Source\Win32">
      <UniqueIdentifier>{ecc86e12-f3f3-428f-99b4-e361d75ac36b}</UniqueIdentifier>
    </Filter>
  </ItemGroup>
  <ItemGroup>
    <ClInclude Include="..\include\Jopnal\Core\SettingManager.hpp">
      <Filter>Core\Headers</Filter>
    </ClInclude>
    <ClInclude Include="..\include\Jopnal\Core\Engine.hpp">
      <Filter>Core\Headers</Filter>
    </ClInclude>
    <ClInclude Include="..\include\Jopnal\Utility\Clock.hpp">
      <Filter>Utility\Headers</Filter>
    </ClInclude>
    <ClInclude Include="..\include\Jopnal\Utility\Assert.hpp">
      <Filter>Utility\Headers</Filter>
    </ClInclude>
    <ClInclude Include="..\include\Jopnal\Window\Window.hpp">
      <Filter>Window\Headers</Filter>
    </ClInclude>
    <ClInclude Include="..\include\Jopnal\Export.hpp">
      <Filter>Root\Headers</Filter>
    </ClInclude>
    <ClInclude Include="..\include\Jopnal\Header.hpp">
      <Filter>Root\Headers</Filter>
    </ClInclude>
    <ClInclude Include="..\include\Jopnal\HelperMacros.hpp">
      <Filter>Root\Headers</Filter>
    </ClInclude>
    <ClInclude Include="..\include\Jopnal\OS.hpp">
      <Filter>Root\Headers</Filter>
    </ClInclude>
    <ClInclude Include="..\include\Jopnal\Types.hpp">
      <Filter>Root\Headers</Filter>
    </ClInclude>
    <ClInclude Include="..\src\Jopnal\Window\Desktop\WindowImpl.hpp">
      <Filter>Window\Source\Desktop</Filter>
    </ClInclude>
    <ClInclude Include="..\include\Jopnal\Graphics\Color.hpp">
      <Filter>Graphics\Headers</Filter>
    </ClInclude>
    <ClInclude Include="..\include\Jopnal\Window\WindowEventHandler.hpp">
      <Filter>Window\Headers</Filter>
    </ClInclude>
    <ClInclude Include="..\include\Jopnal\Jopnal.hpp">
      <Filter>Root\Headers</Filter>
    </ClInclude>
    <ClInclude Include="..\include\Jopnal\Audio.hpp">
      <Filter>Root\Headers</Filter>
    </ClInclude>
    <ClInclude Include="..\include\Jopnal\Graphics.hpp">
      <Filter>Root\Headers</Filter>
    </ClInclude>
    <ClInclude Include="..\include\Jopnal\Utility.hpp">
      <Filter>Root\Headers</Filter>
    </ClInclude>
    <ClInclude Include="..\include\Jopnal\Window.hpp">
      <Filter>Root\Headers</Filter>
    </ClInclude>
    <ClInclude Include="..\include\Jopnal\Core\Subsystem.hpp">
      <Filter>Core\Headers</Filter>
    </ClInclude>
    <ClInclude Include="..\src\Jopnal\Precompiled.hpp">
      <Filter>Root\Source</Filter>
    </ClInclude>
    <ClInclude Include="..\src\Jopnal\Window\GlCheck.hpp">
      <Filter>Window\Source</Filter>
    </ClInclude>
    <ClInclude Include="..\include\Jopnal\Window\Keyboard.hpp">
      <Filter>Window\Headers</Filter>
    </ClInclude>
    <ClInclude Include="..\include\Jopnal\Window\Mouse.hpp">
      <Filter>Window\Headers</Filter>
    </ClInclude>
    <ClInclude Include="..\include\Jopnal\Graphics\Transform.hpp">
      <Filter>Graphics\Headers</Filter>
    </ClInclude>
    <ClInclude Include="..\include\Jopnal\MathInclude.hpp">
      <Filter>Root\Headers</Filter>
    </ClInclude>
    <ClInclude Include="..\include\Jopnal\Core\Component.hpp">
      <Filter>Core\Headers</Filter>
    </ClInclude>
    <ClInclude Include="..\include\Jopnal\Core\Object.hpp">
      <Filter>Core\Headers</Filter>
    </ClInclude>
    <ClInclude Include="..\include\Jopnal\Core\Scene.hpp">
      <Filter>Core\Headers</Filter>
    </ClInclude>
    <ClInclude Include="..\include\Jopnal\Core\DebugHandler.hpp">
      <Filter>Core\Headers</Filter>
    </ClInclude>
    <ClInclude Include="..\include\Jopnal\Core.hpp">
      <Filter>Root\Headers</Filter>
    </ClInclude>
    <ClInclude Include="..\include\Jopnal\Config.hpp">
      <Filter>Root\Headers</Filter>
    </ClInclude>
    <ClInclude Include="..\include\Jopnal\Window\Controller.hpp">
      <Filter>Window\Headers</Filter>
    </ClInclude>
    <ClInclude Include="..\include\Jopnal\Core\ResourceManager.hpp">
      <Filter>Core\Headers</Filter>
    </ClInclude>
    <ClInclude Include="..\include\Jopnal\Core\FileLoader.hpp">
      <Filter>Core\Headers</Filter>
    </ClInclude>
    <ClInclude Include="..\include\Jopnal\Core\Resource.hpp">
      <Filter>Core\Headers</Filter>
    </ClInclude>
    <ClInclude Include="..\include\Jopnal\Graphics\Camera.hpp">
      <Filter>Graphics\Headers</Filter>
    </ClInclude>
    <ClInclude Include="..\include\Jopnal\Graphics\Drawable.hpp">
      <Filter>Graphics\Headers</Filter>
    </ClInclude>
    <ClInclude Include="..\include\Jopnal\Utility\CommandHandler.hpp">
      <Filter>Utility\Headers</Filter>
    </ClInclude>
    <ClInclude Include="..\include\Jopnal\Utility\Message.hpp">
      <Filter>Utility\Headers</Filter>
    </ClInclude>
    <ClInclude Include="..\include\Jopnal\Graphics\Shader.hpp">
      <Filter>Graphics\Headers</Filter>
    </ClInclude>
    <ClInclude Include="..\include\Jopnal\Graphics\RenderTexture.hpp">
      <Filter>Graphics\Headers</Filter>
    </ClInclude>
    <ClInclude Include="..\include\Jopnal\Graphics\Buffer.hpp">
      <Filter>Graphics\Headers</Filter>
    </ClInclude>
    <ClInclude Include="..\include\Jopnal\Graphics\Vertex.hpp">
      <Filter>Graphics\Headers</Filter>
    </ClInclude>
    <ClInclude Include="..\include\Jopnal\Graphics\VertexBuffer.hpp">
      <Filter>Graphics\Headers</Filter>
    </ClInclude>
    <ClInclude Include="..\include\Jopnal\Graphics\GlState.hpp">
      <Filter>Graphics\Headers</Filter>
    </ClInclude>
    <ClInclude Include="..\include\Jopnal\Graphics\Material.hpp">
      <Filter>Graphics\Headers</Filter>
    </ClInclude>
    <ClInclude Include="..\include\Jopnal\Graphics\GenericDrawable.hpp">
      <Filter>Graphics\Headers</Filter>
    </ClInclude>
    <ClInclude Include="..\include\Jopnal\Graphics\LightSource.hpp">
      <Filter>Graphics\Headers</Filter>
    </ClInclude>
    <ClInclude Include="..\include\Jopnal\Utility\Json.hpp">
      <Filter>Utility\Headers</Filter>
    </ClInclude>
    <ClInclude Include="..\include\Jopnal\Graphics\BoxMesh.hpp">
      <Filter>Graphics\Headers\Mesh</Filter>
    </ClInclude>
    <ClInclude Include="..\include\Jopnal\Graphics\RectangleMesh.hpp">
      <Filter>Graphics\Headers\Mesh</Filter>
    </ClInclude>
    <ClInclude Include="..\include\Jopnal\Graphics\SphereMesh.hpp">
      <Filter>Graphics\Headers\Mesh</Filter>
    </ClInclude>
    <ClInclude Include="..\include\Jopnal\Graphics\Model.hpp">
      <Filter>Graphics\Headers</Filter>
    </ClInclude>
    <ClInclude Include="..\include\Jopnal\Graphics\Mesh.hpp">
      <Filter>Graphics\Headers\Mesh</Filter>
    </ClInclude>
    <ClInclude Include="..\include\Jopnal\Utility\Randomizer.hpp">
      <Filter>Utility\Headers</Filter>
    </ClInclude>
    <ClInclude Include="..\include\Jopnal\Utility\SafeReferenceable.hpp">
      <Filter>Utility\Headers</Filter>
    </ClInclude>
    <ClInclude Include="..\include\Jopnal\Window\WindowHandle.hpp">
      <Filter>Window\Headers</Filter>
    </ClInclude>
    <ClInclude Include="..\include\Jopnal\Physics.hpp">
      <Filter>Root\Headers</Filter>
    </ClInclude>
    <ClInclude Include="..\include\Jopnal\Graphics\Renderer.hpp">
      <Filter>Graphics\Headers</Filter>
    </ClInclude>
    <ClInclude Include="..\include\Jopnal\Graphics\CubemapDepth.hpp">
      <Filter>Graphics\Headers\Texture</Filter>
    </ClInclude>
    <ClInclude Include="..\include\Jopnal\Graphics\Texture.hpp">
      <Filter>Graphics\Headers\Texture</Filter>
    </ClInclude>
    <ClInclude Include="..\include\Jopnal\Graphics\Texture2D.hpp">
      <Filter>Graphics\Headers\Texture</Filter>
    </ClInclude>
    <ClInclude Include="..\include\Jopnal\Graphics\TextureSampler.hpp">
      <Filter>Graphics\Headers\Texture</Filter>
    </ClInclude>
    <ClInclude Include="..\include\Jopnal\Physics\Collider.hpp">
      <Filter>Physics\Headers</Filter>
    </ClInclude>
    <ClInclude Include="..\include\Jopnal\Physics\Shape\CollisionShape.hpp">
      <Filter>Physics\Headers\Shape</Filter>
    </ClInclude>
    <ClInclude Include="..\include\Jopnal\Physics\World.hpp">
      <Filter>Physics\Headers</Filter>
    </ClInclude>
    <ClInclude Include="..\src\Jopnal\Physics\Detail\WorldImpl.hpp">
      <Filter>Physics\Source\Detail</Filter>
    </ClInclude>
    <ClInclude Include="..\include\Jopnal\Physics\RigidBody.hpp">
      <Filter>Physics\Headers</Filter>
    </ClInclude>
    <ClInclude Include="..\include\Jopnal\Physics\Shape\BoxShape.hpp">
      <Filter>Physics\Headers\Shape</Filter>
    </ClInclude>
    <ClInclude Include="..\include\Jopnal\Physics\Shape\InfinitePlaneShape.hpp">
      <Filter>Physics\Headers\Shape</Filter>
    </ClInclude>
    <ClInclude Include="..\include\Jopnal\Graphics\Cubemap.hpp">
      <Filter>Graphics\Headers\Texture</Filter>
    </ClInclude>
    <ClInclude Include="..\include\Jopnal\Graphics\EnvironmentRecorder.hpp">
      <Filter>Graphics\Headers</Filter>
    </ClInclude>
    <ClInclude Include="..\include\Jopnal\Graphics\Texture2DDepth.hpp">
      <Filter>Graphics\Headers\Texture</Filter>
    </ClInclude>
    <ClInclude Include="..\include\Jopnal\Graphics\RenderTarget.hpp">
      <Filter>Graphics\Headers</Filter>
    </ClInclude>
    <ClInclude Include="..\include\Jopnal\Audio\Listener.hpp">
      <Filter>Audio\Headers</Filter>
    </ClInclude>
    <ClInclude Include="..\include\Jopnal\Audio\SoundBuffer.hpp">
      <Filter>Audio\Headers</Filter>
    </ClInclude>
    <ClInclude Include="..\include\Jopnal\Audio\SoundEffect.hpp">
      <Filter>Audio\Headers</Filter>
    </ClInclude>
    <ClInclude Include="..\include\Jopnal\Audio\SoundSource.hpp">
      <Filter>Audio\Headers</Filter>
    </ClInclude>
    <ClInclude Include="..\include\Jopnal\Audio\SoundStream.hpp">
      <Filter>Audio\Headers</Filter>
    </ClInclude>
    <ClInclude Include="..\include\Jopnal\Physics\Shape\SphereShape.hpp">
      <Filter>Physics\Headers\Shape</Filter>
    </ClInclude>
    <ClInclude Include="..\include\Jopnal\Physics\Shape\RectangleShape.hpp">
      <Filter>Physics\Headers\Shape</Filter>
    </ClInclude>
    <ClInclude Include="..\include\Jopnal\Physics\Shape\CapsuleShape.hpp">
      <Filter>Physics\Headers\Shape</Filter>
    </ClInclude>
    <ClInclude Include="..\include\Jopnal\Physics\Shape\ConeShape.hpp">
      <Filter>Physics\Headers\Shape</Filter>
    </ClInclude>
    <ClInclude Include="..\include\Jopnal\Physics\Shape\CylinderShape.hpp">
      <Filter>Physics\Headers\Shape</Filter>
    </ClInclude>
    <ClInclude Include="..\include\Jopnal\Physics\Shape\CompoundShape.hpp">
      <Filter>Physics\Headers\Shape</Filter>
    </ClInclude>
    <ClInclude Include="..\include\Jopnal\Graphics\ModelLoader.hpp">
      <Filter>Graphics\Headers</Filter>
    </ClInclude>
    <ClInclude Include="..\include\Jopnal\Graphics\Text.hpp">
      <Filter>Graphics\Headers</Filter>
    </ClInclude>
    <ClInclude Include="..\include\Jopnal\Graphics\Font.hpp">
      <Filter>Graphics\Headers</Filter>
    </ClInclude>
    <ClInclude Include="..\include\Jopnal\Graphics\SkySphere.hpp">
      <Filter>Graphics\Headers</Filter>
    </ClInclude>
    <ClInclude Include="..\include\Jopnal\Physics\ContactInfo.hpp">
      <Filter>Physics\Headers</Filter>
    </ClInclude>
    <ClInclude Include="..\include\Jopnal\Physics\RayInfo.hpp">
      <Filter>Physics\Headers</Filter>
    </ClInclude>
    <ClInclude Include="..\include\Jopnal\Graphics\SkyBox.hpp">
      <Filter>Graphics\Headers</Filter>
    </ClInclude>
    <ClInclude Include="..\include\Jopnal\Utility\Thread.hpp">
      <Filter>Utility\Headers</Filter>
    </ClInclude>
    <ClInclude Include="..\src\Jopnal\Utility\Win32\ThreadImpl.hpp">
      <Filter>Utility\Source\Win32</Filter>
    </ClInclude>
    <ClInclude Include="..\include\Jopnal\Physics\Shape\ConvexHullShape.hpp">
      <Filter>Physics\Headers\Shape</Filter>
    </ClInclude>
    <ClInclude Include="..\include\Jopnal\Graphics\ShaderAssembler.hpp">
      <Filter>Graphics\Headers</Filter>
    </ClInclude>
    <ClInclude Include="..\include\Jopnal\Physics\Shape\TerrainShape.hpp">
      <Filter>Physics\Headers\Shape</Filter>
    </ClInclude>
    <ClInclude Include="..\include\Jopnal\Utility\DateTime.hpp">
      <Filter>Utility\Headers</Filter>
    </ClInclude>
    <ClInclude Include="..\include\Jopnal\Utility\DirectoryWatcher.hpp">
      <Filter>Utility\Headers</Filter>
    </ClInclude>
    <ClInclude Include="..\src\Jopnal\Utility\Win32\DirectoryWatcherImpl.hpp">
      <Filter>Utility\Source\Win32</Filter>
    </ClInclude>
    <ClInclude Include="..\include\Jopnal\Core\SettingCallback.hpp">
      <Filter>Core\Headers</Filter>
    </ClInclude>
    <ClInclude Include="..\include\Jopnal\Window\VideoInfo.hpp">
      <Filter>Window\Headers</Filter>
    </ClInclude>
    <ClInclude Include="..\src\Jopnal\Window\Desktop\VideoInfoImpl.hpp">
      <Filter>Window\Source\Desktop</Filter>
    </ClInclude>
    <ClInclude Include="..\include\Jopnal\Core\SerializeInfo.hpp">
      <Filter>Core\Headers</Filter>
    </ClInclude>
    <ClInclude Include="..\include\Jopnal\Graphics\PostProcessor.hpp">
      <Filter>Graphics\Headers</Filter>
    </ClInclude>
    <ClInclude Include="..\include\Jopnal\Core\Serializer.hpp">
      <Filter>Core\Headers</Filter>
    </ClInclude>
    <ClInclude Include="..\include\Jopnal\Physics\Shape\FrustumShape.hpp">
      <Filter>Physics\Headers\Shape</Filter>
    </ClInclude>
    <ClInclude Include="..\include\Jopnal\Physics\PhantomBody.hpp">
      <Filter>Physics\Headers</Filter>
    </ClInclude>
  </ItemGroup>
  <ItemGroup>
    <ClCompile Include="..\src\Jopnal\Core\DebugHandler.cpp">
      <Filter>Core\Source</Filter>
    </ClCompile>
    <ClCompile Include="..\src\Jopnal\Core\Engine.cpp">
      <Filter>Core\Source</Filter>
    </ClCompile>
    <ClCompile Include="..\src\Jopnal\Core\SettingManager.cpp">
      <Filter>Core\Source</Filter>
    </ClCompile>
    <ClCompile Include="..\src\Jopnal\Utility\Assert.cpp">
      <Filter>Utility\Source</Filter>
    </ClCompile>
    <ClCompile Include="..\src\Jopnal\Utility\Clock.cpp">
      <Filter>Utility\Source</Filter>
    </ClCompile>
    <ClCompile Include="..\src\Jopnal\Window\Window.cpp">
      <Filter>Window\Source</Filter>
    </ClCompile>
    <ClCompile Include="..\src\Jopnal\Window\Desktop\WindowImpl.cpp">
      <Filter>Window\Source\Desktop</Filter>
    </ClCompile>
    <ClCompile Include="..\src\Jopnal\Precompiled.cpp">
      <Filter>Root\Source</Filter>
    </ClCompile>
    <ClCompile Include="..\src\Jopnal\Graphics\Color.cpp">
      <Filter>Graphics\Source</Filter>
    </ClCompile>
    <ClCompile Include="..\src\Jopnal\Window\WindowEventHandler.cpp">
      <Filter>Window\Source</Filter>
    </ClCompile>
    <ClCompile Include="..\src\Jopnal\Core\Subsystem.cpp">
      <Filter>Core\Source</Filter>
    </ClCompile>
    <ClCompile Include="..\src\Jopnal\Window\GlCheck.cpp">
      <Filter>Window\Source</Filter>
    </ClCompile>
    <ClCompile Include="..\src\Jopnal\Graphics\Transform.cpp">
      <Filter>Graphics\Source</Filter>
    </ClCompile>
    <ClCompile Include="..\src\Jopnal\Core\Component.cpp">
      <Filter>Core\Source</Filter>
    </ClCompile>
    <ClCompile Include="..\src\Jopnal\Core\Object.cpp">
      <Filter>Core\Source</Filter>
    </ClCompile>
    <ClCompile Include="..\src\Jopnal\Core\Scene.cpp">
      <Filter>Core\Source</Filter>
    </ClCompile>
    <ClCompile Include="..\src\Jopnal\Core\FileLoader.cpp">
      <Filter>Core\Source</Filter>
    </ClCompile>
    <ClCompile Include="..\src\Jopnal\Core\Resource.cpp">
      <Filter>Core\Source</Filter>
    </ClCompile>
    <ClCompile Include="..\src\Jopnal\Core\ResourceManager.cpp">
      <Filter>Core\Source</Filter>
    </ClCompile>
    <ClCompile Include="..\src\Jopnal\Graphics\Camera.cpp">
      <Filter>Graphics\Source</Filter>
    </ClCompile>
    <ClCompile Include="..\src\Jopnal\Graphics\Drawable.cpp">
      <Filter>Graphics\Source</Filter>
    </ClCompile>
    <ClCompile Include="..\src\Jopnal\Utility\CommandHandler.cpp">
      <Filter>Utility\Source</Filter>
    </ClCompile>
    <ClCompile Include="..\src\Jopnal\Utility\Message.cpp">
      <Filter>Utility\Source</Filter>
    </ClCompile>
    <ClCompile Include="..\src\Jopnal\Graphics\Shader.cpp">
      <Filter>Graphics\Source</Filter>
    </ClCompile>
    <ClCompile Include="..\src\Jopnal\Graphics\RenderTexture.cpp">
      <Filter>Graphics\Source</Filter>
    </ClCompile>
    <ClCompile Include="..\src\Jopnal\Graphics\Buffer.cpp">
      <Filter>Graphics\Source</Filter>
    </ClCompile>
    <ClCompile Include="..\src\Jopnal\Graphics\Vertex.cpp">
      <Filter>Graphics\Source</Filter>
    </ClCompile>
    <ClCompile Include="..\src\Jopnal\Graphics\VertexBuffer.cpp">
      <Filter>Graphics\Source</Filter>
    </ClCompile>
    <ClCompile Include="..\src\Jopnal\Window\Keyboard.cpp">
      <Filter>Window\Source</Filter>
    </ClCompile>
    <ClCompile Include="..\src\Jopnal\Graphics\GlState.cpp">
      <Filter>Graphics\Source</Filter>
    </ClCompile>
    <ClCompile Include="..\src\Jopnal\Graphics\Material.cpp">
      <Filter>Graphics\Source</Filter>
    </ClCompile>
    <ClCompile Include="..\src\Jopnal\Graphics\GenericDrawable.cpp">
      <Filter>Graphics\Source</Filter>
    </ClCompile>
    <ClCompile Include="..\src\Jopnal\Graphics\LightSource.cpp">
      <Filter>Graphics\Source</Filter>
    </ClCompile>
    <ClCompile Include="..\src\Jopnal\Utility\Json.cpp">
      <Filter>Utility\Source</Filter>
    </ClCompile>
    <ClCompile Include="..\src\Jopnal\Graphics\BoxMesh.cpp">
      <Filter>Graphics\Source\Mesh</Filter>
    </ClCompile>
    <ClCompile Include="..\src\Jopnal\Graphics\RectangleMesh.cpp">
      <Filter>Graphics\Source\Mesh</Filter>
    </ClCompile>
    <ClCompile Include="..\src\Jopnal\Graphics\SphereMesh.cpp">
      <Filter>Graphics\Source\Mesh</Filter>
    </ClCompile>
    <ClCompile Include="..\src\Jopnal\Graphics\Model.cpp">
      <Filter>Graphics\Source</Filter>
    </ClCompile>
    <ClCompile Include="..\src\Jopnal\Graphics\Mesh.cpp">
      <Filter>Graphics\Source\Mesh</Filter>
    </ClCompile>
    <ClCompile Include="..\src\Jopnal\Utility\Randomizer.cpp">
      <Filter>Utility\Source</Filter>
    </ClCompile>
    <ClCompile Include="..\src\Jopnal\Graphics\Renderer.cpp">
      <Filter>Graphics\Source</Filter>
    </ClCompile>
    <ClCompile Include="..\src\Jopnal\Graphics\CubemapDepth.cpp">
      <Filter>Graphics\Source\Texture</Filter>
    </ClCompile>
    <ClCompile Include="..\src\Jopnal\Graphics\TextureSampler.cpp">
      <Filter>Graphics\Source\Texture</Filter>
    </ClCompile>
    <ClCompile Include="..\src\Jopnal\Graphics\Texture.cpp">
      <Filter>Graphics\Source\Texture</Filter>
    </ClCompile>
    <ClCompile Include="..\src\Jopnal\Graphics\Texture2D.cpp">
      <Filter>Graphics\Source\Texture</Filter>
    </ClCompile>
    <ClCompile Include="..\src\Jopnal\Physics\Collider.cpp">
      <Filter>Physics\Source</Filter>
    </ClCompile>
    <ClCompile Include="..\src\Jopnal\Physics\Shape\CollisionShape.cpp">
      <Filter>Physics\Source\Shape</Filter>
    </ClCompile>
    <ClCompile Include="..\src\Jopnal\Physics\World.cpp">
      <Filter>Physics\Source</Filter>
    </ClCompile>
    <ClCompile Include="..\src\Jopnal\Physics\Detail\WorldImpl.cpp">
      <Filter>Physics\Source\Detail</Filter>
    </ClCompile>
    <ClCompile Include="..\src\Jopnal\Physics\RigidBody.cpp">
      <Filter>Physics\Source</Filter>
    </ClCompile>
    <ClCompile Include="..\src\Jopnal\Physics\Shape\BoxShape.cpp">
      <Filter>Physics\Source\Shape</Filter>
    </ClCompile>
    <ClCompile Include="..\src\Jopnal\Physics\Shape\InfinitePlaneShape.cpp">
      <Filter>Physics\Source\Shape</Filter>
    </ClCompile>
    <ClCompile Include="..\src\Jopnal\Graphics\Cubemap.cpp">
      <Filter>Graphics\Source\Texture</Filter>
    </ClCompile>
    <ClCompile Include="..\src\Jopnal\Graphics\EnvironmentRecorder.cpp">
      <Filter>Graphics\Source</Filter>
    </ClCompile>
    <ClCompile Include="..\src\Jopnal\Graphics\Texture2DDepth.cpp">
      <Filter>Graphics\Source\Texture</Filter>
    </ClCompile>
    <ClCompile Include="..\src\Jopnal\Graphics\RenderTarget.cpp">
      <Filter>Graphics\Source</Filter>
    </ClCompile>
    <ClCompile Include="..\src\Jopnal\Audio\Listener.cpp">
      <Filter>Audio\Source</Filter>
    </ClCompile>
    <ClCompile Include="..\src\Jopnal\Audio\SoundBuffer.cpp">
      <Filter>Audio\Source</Filter>
    </ClCompile>
    <ClCompile Include="..\src\Jopnal\Audio\SoundEffect.cpp">
      <Filter>Audio\Source</Filter>
    </ClCompile>
    <ClCompile Include="..\src\Jopnal\Audio\SoundStream.cpp">
      <Filter>Audio\Source</Filter>
    </ClCompile>
    <ClCompile Include="..\src\Jopnal\Physics\Shape\SphereShape.cpp">
      <Filter>Physics\Source\Shape</Filter>
    </ClCompile>
    <ClCompile Include="..\src\Jopnal\Physics\Shape\RectangleShape.cpp">
      <Filter>Physics\Source\Shape</Filter>
    </ClCompile>
    <ClCompile Include="..\src\Jopnal\Physics\Shape\CapsuleShape.cpp">
      <Filter>Physics\Source\Shape</Filter>
    </ClCompile>
    <ClCompile Include="..\src\Jopnal\Physics\Shape\ConeShape.cpp">
      <Filter>Physics\Source\Shape</Filter>
    </ClCompile>
    <ClCompile Include="..\src\Jopnal\Physics\Shape\CylinderShape.cpp">
      <Filter>Physics\Source\Shape</Filter>
    </ClCompile>
    <ClCompile Include="..\src\Jopnal\Physics\Shape\CompoundShape.cpp">
      <Filter>Physics\Source\Shape</Filter>
    </ClCompile>
    <ClCompile Include="..\src\Jopnal\Physics\ContactInfo.cpp">
      <Filter>Physics\Source</Filter>
    </ClCompile>
    <ClCompile Include="..\src\Jopnal\Graphics\ModelLoader.cpp">
      <Filter>Graphics\Source</Filter>
    </ClCompile>
    <ClCompile Include="..\src\Jopnal\Graphics\Font.cpp">
      <Filter>Graphics\Source</Filter>
    </ClCompile>
    <ClCompile Include="..\src\Jopnal\Graphics\Text.cpp">
      <Filter>Graphics\Source</Filter>
    </ClCompile>
    <ClCompile Include="..\src\Jopnal\Graphics\SkySphere.cpp">
      <Filter>Graphics\Source</Filter>
    </ClCompile>
    <ClCompile Include="..\src\Jopnal\Physics\RayInfo.cpp">
      <Filter>Physics\Source</Filter>
    </ClCompile>
    <ClCompile Include="..\src\Jopnal\Graphics\SkyBox.cpp">
      <Filter>Graphics\Source</Filter>
    </ClCompile>
    <ClCompile Include="..\src\Jopnal\Utility\Thread.cpp">
      <Filter>Utility\Source</Filter>
    </ClCompile>
    <ClCompile Include="..\src\Jopnal\Utility\Win32\ThreadImpl.cpp">
      <Filter>Utility\Source\Win32</Filter>
    </ClCompile>
    <ClCompile Include="..\src\Jopnal\Physics\Shape\ConvexHullShape.cpp">
      <Filter>Physics\Source\Shape</Filter>
    </ClCompile>
    <ClCompile Include="..\src\Jopnal\Graphics\ShaderAssembler.cpp">
      <Filter>Graphics\Source</Filter>
    </ClCompile>
    <ClCompile Include="..\src\Jopnal\Utility\Win32\DirectoryWatcherImpl.cpp">
      <Filter>Utility\Source\Win32</Filter>
    </ClCompile>
    <ClCompile Include="..\src\Jopnal\Utility\DateTime.cpp">
      <Filter>Utility\Source</Filter>
    </ClCompile>
    <ClCompile Include="..\src\Jopnal\Utility\DirectoryWatcher.cpp">
      <Filter>Utility\Source</Filter>
    </ClCompile>
    <ClCompile Include="..\src\Jopnal\Physics\Shape\TerrainShape.cpp">
      <Filter>Physics\Source\Shape</Filter>
    </ClCompile>
    <ClCompile Include="..\src\Jopnal\Core\SettingCallback.cpp">
      <Filter>Core\Source</Filter>
    </ClCompile>
    <ClCompile Include="..\src\Jopnal\Window\Desktop\VideoInfoImpl.cpp">
      <Filter>Window\Source\Desktop</Filter>
    </ClCompile>
    <ClCompile Include="..\src\Jopnal\Window\VideoInfo.cpp">
      <Filter>Window\Source</Filter>
    </ClCompile>
    <ClCompile Include="..\src\Jopnal\Core\SerializeInfo.cpp">
      <Filter>Core\Source</Filter>
    </ClCompile>
    <ClCompile Include="..\src\Jopnal\Audio\SoundSource.cpp">
      <Filter>Audio\Source</Filter>
    </ClCompile>
    <ClCompile Include="..\src\Jopnal\Graphics\PostProcessor.cpp">
      <Filter>Graphics\Source</Filter>
    </ClCompile>
    <ClCompile Include="..\src\Jopnal\Core\Serializer.cpp">
      <Filter>Core\Source</Filter>
    </ClCompile>
    <ClCompile Include="..\src\Jopnal\Physics\Shape\FrustumShape.cpp">
      <Filter>Physics\Source\Shape</Filter>
    </ClCompile>
    <ClCompile Include="..\src\Jopnal\Physics\PhantomBody.cpp">
      <Filter>Physics\Source</Filter>
    </ClCompile>
  </ItemGroup>
  <ItemGroup>
    <None Include="..\include\Jopnal\Core\Inl\DebugHandler.inl">
      <Filter>Core\Inl</Filter>
    </None>
    <None Include="..\include\Jopnal\Core\Inl\Engine.inl">
      <Filter>Core\Inl</Filter>
    </None>
    <None Include="..\include\Jopnal\Core\Inl\Object.inl">
      <Filter>Core\Inl</Filter>
    </None>
    <None Include="..\include\Jopnal\Window\Inl\Window.inl">
      <Filter>Window\Inl</Filter>
    </None>
    <None Include="..\include\Jopnal\Core\Inl\ResourceManager.inl">
      <Filter>Core\Inl</Filter>
    </None>
    <None Include="..\include\Jopnal\Core\Inl\Scene.inl">
      <Filter>Core\Inl</Filter>
    </None>
    <None Include="..\include\Jopnal\Utility\Inl\CommandHandler.inl">
      <Filter>Utility\Inl</Filter>
    </None>
    <None Include="..\include\Jopnal\Utility\Inl\CommandParser.inl">
      <Filter>Utility\Inl</Filter>
    </None>
    <None Include="..\include\Jopnal\Utility\Inl\Message.inl">
      <Filter>Utility\Inl</Filter>
    </None>
    <None Include="..\include\Jopnal\Utility\Inl\Randomizer.inl">
      <Filter>Utility\Inl</Filter>
    </None>
    <None Include="..\include\Jopnal\Utility\Inl\SafeReferenceable.inl">
      <Filter>Utility\Inl</Filter>
    </None>
    <None Include="..\include\Jopnal\Utility\Inl\Thread.inl">
      <Filter>Utility\Inl</Filter>
    </None>
    <None Include="..\include\Jopnal\Core\Inl\SettingManager.inl">
      <Filter>Core\Inl</Filter>
    </None>
    <None Include="..\include\Jopnal\Core\Inl\SettingCallback.inl">
      <Filter>Core\Inl</Filter>
    </None>
    <None Include="..\include\Jopnal\Core\Inl\Serializer.inl">
      <Filter>Core\Inl</Filter>
    </None>
  </ItemGroup>
</Project>