<?xml version="1.0" encoding="utf-8"?>
<Project ToolsVersion="4.0" xmlns="http://schemas.microsoft.com/developer/msbuild/2003">
  <ItemGroup>
    <Filter Include="Shaders">
      <UniqueIdentifier>{7e65c325-aec4-4714-b3b1-e0d1b886bfd9}</UniqueIdentifier>
    </Filter>
    <Filter Include="Textures">
      <UniqueIdentifier>{67DA6AB6-F800-4c08-8B7A-83BB121AAD01}</UniqueIdentifier>
      <Extensions>rc;ico;cur;bmp;dlg;rc2;rct;bin;rgs;gif;jpg;jpeg;jpe;resx;tiff;tif;png;wav;mfcribbon-ms</Extensions>
    </Filter>
  </ItemGroup>
  <ItemGroup>
    <Image Include="Resources\Textures\checker.png">
      <Filter>Textures</Filter>
    </Image>
    <Image Include="Resources\Textures\error.png">
      <Filter>Textures</Filter>
    </Image>
  </ItemGroup>
  <ItemGroup>
    <ClInclude Include="Resources\resource.h" />
  </ItemGroup>
  <ItemGroup>
    <ResourceCompile Include="Resources\Resource.rc" />
  </ItemGroup>
  <ItemGroup>
    <None Include="Resources\Shaders\default.frag">
      <Filter>Shaders</Filter>
    </None>
    <None Include="Resources\Shaders\default.vert">
      <Filter>Shaders</Filter>
    </None>
    <None Include="Resources\Shaders\defaultUber.frag">
      <Filter>Shaders</Filter>
    </None>
    <None Include="Resources\Shaders\defaultUber.vert">
      <Filter>Shaders</Filter>
    </None>
    <None Include="Resources\Shaders\depthRecord.frag">
      <Filter>Shaders</Filter>
    </None>
    <None Include="Resources\Shaders\depthRecord.vert">
      <Filter>Shaders</Filter>
    </None>
    <None Include="Resources\Shaders\depthRecordPoint.frag">
      <Filter>Shaders</Filter>
    </None>
    <None Include="Resources\Shaders\depthRecordPoint.vert">
      <Filter>Shaders</Filter>
    </None>
    <None Include="Resources\Shaders\depthRecordPoint.geom">
      <Filter>Shaders</Filter>
    </None>
    <None Include="Resources\Shaders\physicsDebug.frag">
      <Filter>Shaders</Filter>
    </None>
    <None Include="Resources\Shaders\physicsDebug.vert">
      <Filter>Shaders</Filter>
    </None>
  </ItemGroup>
</Project>