<?xml version="1.0" encoding="UTF-8"?>
<Project ToolsVersion="12.0" xmlns="http://schemas.microsoft.com/developer/msbuild/2003">
  <ItemGroup>
    <ClCompile Include="C:\Users\Kesis\Documents\SourceTree\Jopnal\extlibs\Visual Studio 12 2013\src\GLFW\src\context.c">
      <Filter>Source Files</Filter>
    </ClCompile>
    <ClCompile Include="C:\Users\Kesis\Documents\SourceTree\Jopnal\extlibs\Visual Studio 12 2013\src\GLFW\src\init.c">
      <Filter>Source Files</Filter>
    </ClCompile>
    <ClCompile Include="C:\Users\Kesis\Documents\SourceTree\Jopnal\extlibs\Visual Studio 12 2013\src\GLFW\src\input.c">
      <Filter>Source Files</Filter>
    </ClCompile>
    <ClCompile Include="C:\Users\Kesis\Documents\SourceTree\Jopnal\extlibs\Visual Studio 12 2013\src\GLFW\src\monitor.c">
      <Filter>Source Files</Filter>
    </ClCompile>
    <ClCompile Include="C:\Users\Kesis\Documents\SourceTree\Jopnal\extlibs\Visual Studio 12 2013\src\GLFW\src\vulkan.c">
      <Filter>Source Files</Filter>
    </ClCompile>
    <ClCompile Include="C:\Users\Kesis\Documents\SourceTree\Jopnal\extlibs\Visual Studio 12 2013\src\GLFW\src\window.c">
      <Filter>Source Files</Filter>
    </ClCompile>
    <ClCompile Include="C:\Users\Kesis\Documents\SourceTree\Jopnal\extlibs\Visual Studio 12 2013\src\GLFW\src\win32_init.c">
      <Filter>Source Files</Filter>
    </ClCompile>
    <ClCompile Include="C:\Users\Kesis\Documents\SourceTree\Jopnal\extlibs\Visual Studio 12 2013\src\GLFW\src\win32_joystick.c">
      <Filter>Source Files</Filter>
    </ClCompile>
    <ClCompile Include="C:\Users\Kesis\Documents\SourceTree\Jopnal\extlibs\Visual Studio 12 2013\src\GLFW\src\win32_monitor.c">
      <Filter>Source Files</Filter>
    </ClCompile>
    <ClCompile Include="C:\Users\Kesis\Documents\SourceTree\Jopnal\extlibs\Visual Studio 12 2013\src\GLFW\src\win32_time.c">
      <Filter>Source Files</Filter>
    </ClCompile>
    <ClCompile Include="C:\Users\Kesis\Documents\SourceTree\Jopnal\extlibs\Visual Studio 12 2013\src\GLFW\src\win32_tls.c">
      <Filter>Source Files</Filter>
    </ClCompile>
    <ClCompile Include="C:\Users\Kesis\Documents\SourceTree\Jopnal\extlibs\Visual Studio 12 2013\src\GLFW\src\win32_window.c">
      <Filter>Source Files</Filter>
    </ClCompile>
    <ClCompile Include="C:\Users\Kesis\Documents\SourceTree\Jopnal\extlibs\Visual Studio 12 2013\src\GLFW\src\wgl_context.c">
      <Filter>Source Files</Filter>
    </ClCompile>
    <ClCompile Include="C:\Users\Kesis\Documents\SourceTree\Jopnal\extlibs\Visual Studio 12 2013\src\GLFW\src\egl_context.c">
      <Filter>Source Files</Filter>
    </ClCompile>
  </ItemGroup>
  <ItemGroup>
    <ClInclude Include="C:\Users\Kesis\Documents\SourceTree\Jopnal\extlibs\Visual Studio 12 2013\src\GLFW\src\internal.h">
      <Filter>Header Files</Filter>
    </ClInclude>
    <ClInclude Include="C:\Users\Kesis\Documents\SourceTree\Jopnal\extlibs\Visual Studio 12 2013\src\GLFW-build\src\glfw_config.h">
      <Filter>Header Files</Filter>
    </ClInclude>
    <ClInclude Include="C:\Users\Kesis\Documents\SourceTree\Jopnal\extlibs\Visual Studio 12 2013\src\GLFW\include\GLFW\glfw3.h">
      <Filter>Header Files</Filter>
    </ClInclude>
    <ClInclude Include="C:\Users\Kesis\Documents\SourceTree\Jopnal\extlibs\Visual Studio 12 2013\src\GLFW\include\GLFW\glfw3native.h">
      <Filter>Header Files</Filter>
    </ClInclude>
    <ClInclude Include="C:\Users\Kesis\Documents\SourceTree\Jopnal\extlibs\Visual Studio 12 2013\src\GLFW\src\win32_platform.h">
      <Filter>Header Files</Filter>
    </ClInclude>
    <ClInclude Include="C:\Users\Kesis\Documents\SourceTree\Jopnal\extlibs\Visual Studio 12 2013\src\GLFW\src\win32_joystick.h">
      <Filter>Header Files</Filter>
    </ClInclude>
    <ClInclude Include="C:\Users\Kesis\Documents\SourceTree\Jopnal\extlibs\Visual Studio 12 2013\src\GLFW\src\wgl_context.h">
      <Filter>Header Files</Filter>
    </ClInclude>
    <ClInclude Include="C:\Users\Kesis\Documents\SourceTree\Jopnal\extlibs\Visual Studio 12 2013\src\GLFW\src\egl_context.h">
      <Filter>Header Files</Filter>
    </ClInclude>
  </ItemGroup>
  <ItemGroup>
    <CustomBuild Include="C:\Users\Kesis\Documents\SourceTree\Jopnal\extlibs\Visual Studio 12 2013\src\GLFW\src\CMakeLists.txt" />
  </ItemGroup>
  <ItemGroup>
    <Filter Include="Source Files">
      <UniqueIdentifier>{874B49CB-6809-3E25-A5EF-64BDD836FE6D}</UniqueIdentifier>
    </Filter>
    <Filter Include="Header Files">
      <UniqueIdentifier>{423FF5A3-E919-3C8E-9361-F4E232D9F060}</UniqueIdentifier>
    </Filter>
  </ItemGroup>
</Project>
