Microsoft Visual Studio Solution File, Format Version 12.00
# Visual Studio 2013
Project("{8BC9CEB8-8B4A-11D0-8D11-00A0C91BC942}") = "ALL_BUILD", "ALL_BUILD.vcxproj", "{C302FD49-5D9A-384F-B4F5-D3152853CF40}"
	ProjectSection(ProjectDependencies) = postProject
		{32AA5F15-9715-3149-B6A7-0965FE6823EA} = {32AA5F15-9715-3149-B6A7-0965FE6823EA}
		{D5A97BDF-FF7A-3864-BD92-EBFD67925AB1} = {D5A97BDF-FF7A-3864-BD92-EBFD67925AB1}
		{C2E63305-9B87-3D5A-810A-0A7B7F2A30FD} = {C2E63305-9B87-3D5A-810A-0A7B7F2A30FD}
		{E702B922-A049-3928-BEF5-47E5165A58A5} = {E702B922-A049-3928-BEF5-47E5165A58A5}
	EndProjectSection
EndProject
Project("{8BC9CEB8-8B4A-11D0-8D11-00A0C91BC942}") = "INSTALL", "INSTALL.vcxproj", "{E56E4608-6DAE-3E02-9A13-156CBD3645D2}"
	ProjectSection(ProjectDependencies) = postProject
		{C302FD49-5D9A-384F-B4F5-D3152853CF40} = {C302FD49-5D9A-384F-B4F5-D3152853CF40}
		{32AA5F15-9715-3149-B6A7-0965FE6823EA} = {32AA5F15-9715-3149-B6A7-0965FE6823EA}
	EndProjectSection
EndProject
Project("{8BC9CEB8-8B4A-11D0-8D11-00A0C91BC942}") = "ZERO_CHECK", "ZERO_CHECK.vcxproj", "{32AA5F15-9715-3149-B6A7-0965FE6823EA}"
	ProjectSection(ProjectDependencies) = postProject
	EndProjectSection
EndProject
Project("{8BC9CEB8-8B4A-11D0-8D11-00A0C91BC942}") = "vorbis", "lib\vorbis.vcxproj", "{D5A97BDF-FF7A-3864-BD92-EBFD67925AB1}"
	ProjectSection(ProjectDependencies) = postProject
		{32AA5F15-9715-3149-B6A7-0965FE6823EA} = {32AA5F15-9715-3149-B6A7-0965FE6823EA}
	EndProjectSection
EndProject
Project("{8BC9CEB8-8B4A-11D0-8D11-00A0C91BC942}") = "vorbisenc", "lib\vorbisenc.vcxproj", "{C2E63305-9B87-3D5A-810A-0A7B7F2A30FD}"
	ProjectSection(ProjectDependencies) = postProject
		{32AA5F15-9715-3149-B6A7-0965FE6823EA} = {32AA5F15-9715-3149-B6A7-0965FE6823EA}
	EndProjectSection
EndProject
Project("{8BC9CEB8-8B4A-11D0-8D11-00A0C91BC942}") = "vorbisfile", "lib\vorbisfile.vcxproj", "{E702B922-A049-3928-BEF5-47E5165A58A5}"
	ProjectSection(ProjectDependencies) = postProject
		{32AA5F15-9715-3149-B6A7-0965FE6823EA} = {32AA5F15-9715-3149-B6A7-0965FE6823EA}
	EndProjectSection
EndProject
Global
	GlobalSection(SolutionConfigurationPlatforms) = preSolution
		Debug|Win32 = Debug|Win32
		Release|Win32 = Release|Win32
		MinSizeRel|Win32 = MinSizeRel|Win32
		RelWithDebInfo|Win32 = RelWithDebInfo|Win32
	EndGlobalSection
	GlobalSection(ProjectConfigurationPlatforms) = postSolution
		{C302FD49-5D9A-384F-B4F5-D3152853CF40}.Debug|Win32.ActiveCfg = Debug|Win32
		{C302FD49-5D9A-384F-B4F5-D3152853CF40}.Debug|Win32.Build.0 = Debug|Win32
		{C302FD49-5D9A-384F-B4F5-D3152853CF40}.Release|Win32.ActiveCfg = Release|Win32
		{C302FD49-5D9A-384F-B4F5-D3152853CF40}.Release|Win32.Build.0 = Release|Win32
		{C302FD49-5D9A-384F-B4F5-D3152853CF40}.MinSizeRel|Win32.ActiveCfg = MinSizeRel|Win32
		{C302FD49-5D9A-384F-B4F5-D3152853CF40}.MinSizeRel|Win32.Build.0 = MinSizeRel|Win32
		{C302FD49-5D9A-384F-B4F5-D3152853CF40}.RelWithDebInfo|Win32.ActiveCfg = RelWithDebInfo|Win32
		{C302FD49-5D9A-384F-B4F5-D3152853CF40}.RelWithDebInfo|Win32.Build.0 = RelWithDebInfo|Win32
		{E56E4608-6DAE-3E02-9A13-156CBD3645D2}.Debug|Win32.ActiveCfg = Debug|Win32
		{E56E4608-6DAE-3E02-9A13-156CBD3645D2}.Release|Win32.ActiveCfg = Release|Win32
		{E56E4608-6DAE-3E02-9A13-156CBD3645D2}.MinSizeRel|Win32.ActiveCfg = MinSizeRel|Win32
		{E56E4608-6DAE-3E02-9A13-156CBD3645D2}.RelWithDebInfo|Win32.ActiveCfg = RelWithDebInfo|Win32
		{32AA5F15-9715-3149-B6A7-0965FE6823EA}.Debug|Win32.ActiveCfg = Debug|Win32
		{32AA5F15-9715-3149-B6A7-0965FE6823EA}.Debug|Win32.Build.0 = Debug|Win32
		{32AA5F15-9715-3149-B6A7-0965FE6823EA}.Release|Win32.ActiveCfg = Release|Win32
		{32AA5F15-9715-3149-B6A7-0965FE6823EA}.Release|Win32.Build.0 = Release|Win32
		{32AA5F15-9715-3149-B6A7-0965FE6823EA}.MinSizeRel|Win32.ActiveCfg = MinSizeRel|Win32
		{32AA5F15-9715-3149-B6A7-0965FE6823EA}.MinSizeRel|Win32.Build.0 = MinSizeRel|Win32
		{32AA5F15-9715-3149-B6A7-0965FE6823EA}.RelWithDebInfo|Win32.ActiveCfg = RelWithDebInfo|Win32
		{32AA5F15-9715-3149-B6A7-0965FE6823EA}.RelWithDebInfo|Win32.Build.0 = RelWithDebInfo|Win32
		{D5A97BDF-FF7A-3864-BD92-EBFD67925AB1}.Debug|Win32.ActiveCfg = Debug|Win32
		{D5A97BDF-FF7A-3864-BD92-EBFD67925AB1}.Debug|Win32.Build.0 = Debug|Win32
		{D5A97BDF-FF7A-3864-BD92-EBFD67925AB1}.Release|Win32.ActiveCfg = Release|Win32
		{D5A97BDF-FF7A-3864-BD92-EBFD67925AB1}.Release|Win32.Build.0 = Release|Win32
		{D5A97BDF-FF7A-3864-BD92-EBFD67925AB1}.MinSizeRel|Win32.ActiveCfg = MinSizeRel|Win32
		{D5A97BDF-FF7A-3864-BD92-EBFD67925AB1}.MinSizeRel|Win32.Build.0 = MinSizeRel|Win32
		{D5A97BDF-FF7A-3864-BD92-EBFD67925AB1}.RelWithDebInfo|Win32.ActiveCfg = RelWithDebInfo|Win32
		{D5A97BDF-FF7A-3864-BD92-EBFD67925AB1}.RelWithDebInfo|Win32.Build.0 = RelWithDebInfo|Win32
		{C2E63305-9B87-3D5A-810A-0A7B7F2A30FD}.Debug|Win32.ActiveCfg = Debug|Win32
		{C2E63305-9B87-3D5A-810A-0A7B7F2A30FD}.Debug|Win32.Build.0 = Debug|Win32
		{C2E63305-9B87-3D5A-810A-0A7B7F2A30FD}.Release|Win32.ActiveCfg = Release|Win32
		{C2E63305-9B87-3D5A-810A-0A7B7F2A30FD}.Release|Win32.Build.0 = Release|Win32
		{C2E63305-9B87-3D5A-810A-0A7B7F2A30FD}.MinSizeRel|Win32.ActiveCfg = MinSizeRel|Win32
		{C2E63305-9B87-3D5A-810A-0A7B7F2A30FD}.MinSizeRel|Win32.Build.0 = MinSizeRel|Win32
		{C2E63305-9B87-3D5A-810A-0A7B7F2A30FD}.RelWithDebInfo|Win32.ActiveCfg = RelWithDebInfo|Win32
		{C2E63305-9B87-3D5A-810A-0A7B7F2A30FD}.RelWithDebInfo|Win32.Build.0 = RelWithDebInfo|Win32
		{E702B922-A049-3928-BEF5-47E5165A58A5}.Debug|Win32.ActiveCfg = Debug|Win32
		{E702B922-A049-3928-BEF5-47E5165A58A5}.Debug|Win32.Build.0 = Debug|Win32
		{E702B922-A049-3928-BEF5-47E5165A58A5}.Release|Win32.ActiveCfg = Release|Win32
		{E702B922-A049-3928-BEF5-47E5165A58A5}.Release|Win32.Build.0 = Release|Win32
		{E702B922-A049-3928-BEF5-47E5165A58A5}.MinSizeRel|Win32.ActiveCfg = MinSizeRel|Win32
		{E702B922-A049-3928-BEF5-47E5165A58A5}.MinSizeRel|Win32.Build.0 = MinSizeRel|Win32
		{E702B922-A049-3928-BEF5-47E5165A58A5}.RelWithDebInfo|Win32.ActiveCfg = RelWithDebInfo|Win32
		{E702B922-A049-3928-BEF5-47E5165A58A5}.RelWithDebInfo|Win32.Build.0 = RelWithDebInfo|Win32
	EndGlobalSection
	GlobalSection(ExtensibilityGlobals) = postSolution
	EndGlobalSection
	GlobalSection(ExtensibilityAddIns) = postSolution
	EndGlobalSection
EndGlobal
