Microsoft Visual Studio Solution File, Format Version 12.00
# Visual Studio 2013
Project("{8BC9CEB8-8B4A-11D0-8D11-00A0C91BC942}") = "ALL_BUILD", "ALL_BUILD.vcxproj", "{D6E7D491-1DCE-3E71-B82F-17B820BDF170}"
	ProjectSection(ProjectDependencies) = postProject
		{77C58C7D-8AC8-345B-B2EA-E27EB240C9AC} = {77C58C7D-8AC8-345B-B2EA-E27EB240C9AC}
		{6BAF6325-8343-39ED-B628-18E55C260E64} = {6BAF6325-8343-39ED-B628-18E55C260E64}
		{3D6940C9-268F-3A61-8D99-7E2597D1022E} = {3D6940C9-268F-3A61-8D99-7E2597D1022E}
		{8057627A-E9AC-31D3-99EF-C817B89007A3} = {8057627A-E9AC-31D3-99EF-C817B89007A3}
		{6B2AEEB2-F874-31DD-8D58-755C274C80A1} = {6B2AEEB2-F874-31DD-8D58-755C274C80A1}
		{96C0EA49-448E-364E-9415-A5FF4B6EAAC2} = {96C0EA49-448E-364E-9415-A5FF4B6EAAC2}
	EndProjectSection
EndProject
Project("{8BC9CEB8-8B4A-11D0-8D11-00A0C91BC942}") = "INSTALL", "INSTALL.vcxproj", "{3443AB0E-4B9E-3840-BEBA-68696B1ED25B}"
	ProjectSection(ProjectDependencies) = postProject
		{D6E7D491-1DCE-3E71-B82F-17B820BDF170} = {D6E7D491-1DCE-3E71-B82F-17B820BDF170}
		{6BAF6325-8343-39ED-B628-18E55C260E64} = {6BAF6325-8343-39ED-B628-18E55C260E64}
	EndProjectSection
EndProject
Project("{8BC9CEB8-8B4A-11D0-8D11-00A0C91BC942}") = "OpenAL32", "OpenAL32.vcxproj", "{77C58C7D-8AC8-345B-B2EA-E27EB240C9AC}"
	ProjectSection(ProjectDependencies) = postProject
		{6BAF6325-8343-39ED-B628-18E55C260E64} = {6BAF6325-8343-39ED-B628-18E55C260E64}
		{8057627A-E9AC-31D3-99EF-C817B89007A3} = {8057627A-E9AC-31D3-99EF-C817B89007A3}
	EndProjectSection
EndProject
Project("{8BC9CEB8-8B4A-11D0-8D11-00A0C91BC942}") = "ZERO_CHECK", "ZERO_CHECK.vcxproj", "{6BAF6325-8343-39ED-B628-18E55C260E64}"
	ProjectSection(ProjectDependencies) = postProject
	EndProjectSection
EndProject
Project("{8BC9CEB8-8B4A-11D0-8D11-00A0C91BC942}") = "bsincgen", "bsincgen.vcxproj", "{3D6940C9-268F-3A61-8D99-7E2597D1022E}"
	ProjectSection(ProjectDependencies) = postProject
		{6BAF6325-8343-39ED-B628-18E55C260E64} = {6BAF6325-8343-39ED-B628-18E55C260E64}
	EndProjectSection
EndProject
Project("{8BC9CEB8-8B4A-11D0-8D11-00A0C91BC942}") = "common", "common.vcxproj", "{8057627A-E9AC-31D3-99EF-C817B89007A3}"
	ProjectSection(ProjectDependencies) = postProject
		{6BAF6325-8343-39ED-B628-18E55C260E64} = {6BAF6325-8343-39ED-B628-18E55C260E64}
	EndProjectSection
EndProject
Project("{8BC9CEB8-8B4A-11D0-8D11-00A0C91BC942}") = "makehrtf", "makehrtf.vcxproj", "{6B2AEEB2-F874-31DD-8D58-755C274C80A1}"
	ProjectSection(ProjectDependencies) = postProject
		{6BAF6325-8343-39ED-B628-18E55C260E64} = {6BAF6325-8343-39ED-B628-18E55C260E64}
	EndProjectSection
EndProject
Project("{8BC9CEB8-8B4A-11D0-8D11-00A0C91BC942}") = "openal-info", "openal-info.vcxproj", "{96C0EA49-448E-364E-9415-A5FF4B6EAAC2}"
	ProjectSection(ProjectDependencies) = postProject
		{77C58C7D-8AC8-345B-B2EA-E27EB240C9AC} = {77C58C7D-8AC8-345B-B2EA-E27EB240C9AC}
		{6BAF6325-8343-39ED-B628-18E55C260E64} = {6BAF6325-8343-39ED-B628-18E55C260E64}
		{8057627A-E9AC-31D3-99EF-C817B89007A3} = {8057627A-E9AC-31D3-99EF-C817B89007A3}
	EndProjectSection
EndProject
Global
	GlobalSection(SolutionConfigurationPlatforms) = preSolution
		Debug|Win32 = Debug|Win32
		Release|Win32 = Release|Win32
		MinSizeRel|Win32 = MinSizeRel|Win32
		RelWithDebInfo|Win32 = RelWithDebInfo|Win32
	EndGlobalSection
	GlobalSection(ProjectConfigurationPlatforms) = postSolution
		{D6E7D491-1DCE-3E71-B82F-17B820BDF170}.Debug|Win32.ActiveCfg = Debug|Win32
		{D6E7D491-1DCE-3E71-B82F-17B820BDF170}.Debug|Win32.Build.0 = Debug|Win32
		{D6E7D491-1DCE-3E71-B82F-17B820BDF170}.Release|Win32.ActiveCfg = Release|Win32
		{D6E7D491-1DCE-3E71-B82F-17B820BDF170}.Release|Win32.Build.0 = Release|Win32
		{D6E7D491-1DCE-3E71-B82F-17B820BDF170}.MinSizeRel|Win32.ActiveCfg = MinSizeRel|Win32
		{D6E7D491-1DCE-3E71-B82F-17B820BDF170}.MinSizeRel|Win32.Build.0 = MinSizeRel|Win32
		{D6E7D491-1DCE-3E71-B82F-17B820BDF170}.RelWithDebInfo|Win32.ActiveCfg = RelWithDebInfo|Win32
		{D6E7D491-1DCE-3E71-B82F-17B820BDF170}.RelWithDebInfo|Win32.Build.0 = RelWithDebInfo|Win32
		{3443AB0E-4B9E-3840-BEBA-68696B1ED25B}.Debug|Win32.ActiveCfg = Debug|Win32
		{3443AB0E-4B9E-3840-BEBA-68696B1ED25B}.Release|Win32.ActiveCfg = Release|Win32
		{3443AB0E-4B9E-3840-BEBA-68696B1ED25B}.MinSizeRel|Win32.ActiveCfg = MinSizeRel|Win32
		{3443AB0E-4B9E-3840-BEBA-68696B1ED25B}.RelWithDebInfo|Win32.ActiveCfg = RelWithDebInfo|Win32
		{77C58C7D-8AC8-345B-B2EA-E27EB240C9AC}.Debug|Win32.ActiveCfg = Debug|Win32
		{77C58C7D-8AC8-345B-B2EA-E27EB240C9AC}.Debug|Win32.Build.0 = Debug|Win32
		{77C58C7D-8AC8-345B-B2EA-E27EB240C9AC}.Release|Win32.ActiveCfg = Release|Win32
		{77C58C7D-8AC8-345B-B2EA-E27EB240C9AC}.Release|Win32.Build.0 = Release|Win32
		{77C58C7D-8AC8-345B-B2EA-E27EB240C9AC}.MinSizeRel|Win32.ActiveCfg = MinSizeRel|Win32
		{77C58C7D-8AC8-345B-B2EA-E27EB240C9AC}.MinSizeRel|Win32.Build.0 = MinSizeRel|Win32
		{77C58C7D-8AC8-345B-B2EA-E27EB240C9AC}.RelWithDebInfo|Win32.ActiveCfg = RelWithDebInfo|Win32
		{77C58C7D-8AC8-345B-B2EA-E27EB240C9AC}.RelWithDebInfo|Win32.Build.0 = RelWithDebInfo|Win32
		{6BAF6325-8343-39ED-B628-18E55C260E64}.Debug|Win32.ActiveCfg = Debug|Win32
		{6BAF6325-8343-39ED-B628-18E55C260E64}.Debug|Win32.Build.0 = Debug|Win32
		{6BAF6325-8343-39ED-B628-18E55C260E64}.Release|Win32.ActiveCfg = Release|Win32
		{6BAF6325-8343-39ED-B628-18E55C260E64}.Release|Win32.Build.0 = Release|Win32
		{6BAF6325-8343-39ED-B628-18E55C260E64}.MinSizeRel|Win32.ActiveCfg = MinSizeRel|Win32
		{6BAF6325-8343-39ED-B628-18E55C260E64}.MinSizeRel|Win32.Build.0 = MinSizeRel|Win32
		{6BAF6325-8343-39ED-B628-18E55C260E64}.RelWithDebInfo|Win32.ActiveCfg = RelWithDebInfo|Win32
		{6BAF6325-8343-39ED-B628-18E55C260E64}.RelWithDebInfo|Win32.Build.0 = RelWithDebInfo|Win32
		{3D6940C9-268F-3A61-8D99-7E2597D1022E}.Debug|Win32.ActiveCfg = Debug|Win32
		{3D6940C9-268F-3A61-8D99-7E2597D1022E}.Debug|Win32.Build.0 = Debug|Win32
		{3D6940C9-268F-3A61-8D99-7E2597D1022E}.Release|Win32.ActiveCfg = Release|Win32
		{3D6940C9-268F-3A61-8D99-7E2597D1022E}.Release|Win32.Build.0 = Release|Win32
		{3D6940C9-268F-3A61-8D99-7E2597D1022E}.MinSizeRel|Win32.ActiveCfg = MinSizeRel|Win32
		{3D6940C9-268F-3A61-8D99-7E2597D1022E}.MinSizeRel|Win32.Build.0 = MinSizeRel|Win32
		{3D6940C9-268F-3A61-8D99-7E2597D1022E}.RelWithDebInfo|Win32.ActiveCfg = RelWithDebInfo|Win32
		{3D6940C9-268F-3A61-8D99-7E2597D1022E}.RelWithDebInfo|Win32.Build.0 = RelWithDebInfo|Win32
		{8057627A-E9AC-31D3-99EF-C817B89007A3}.Debug|Win32.ActiveCfg = Debug|Win32
		{8057627A-E9AC-31D3-99EF-C817B89007A3}.Debug|Win32.Build.0 = Debug|Win32
		{8057627A-E9AC-31D3-99EF-C817B89007A3}.Release|Win32.ActiveCfg = Release|Win32
		{8057627A-E9AC-31D3-99EF-C817B89007A3}.Release|Win32.Build.0 = Release|Win32
		{8057627A-E9AC-31D3-99EF-C817B89007A3}.MinSizeRel|Win32.ActiveCfg = MinSizeRel|Win32
		{8057627A-E9AC-31D3-99EF-C817B89007A3}.MinSizeRel|Win32.Build.0 = MinSizeRel|Win32
		{8057627A-E9AC-31D3-99EF-C817B89007A3}.RelWithDebInfo|Win32.ActiveCfg = RelWithDebInfo|Win32
		{8057627A-E9AC-31D3-99EF-C817B89007A3}.RelWithDebInfo|Win32.Build.0 = RelWithDebInfo|Win32
		{6B2AEEB2-F874-31DD-8D58-755C274C80A1}.Debug|Win32.ActiveCfg = Debug|Win32
		{6B2AEEB2-F874-31DD-8D58-755C274C80A1}.Debug|Win32.Build.0 = Debug|Win32
		{6B2AEEB2-F874-31DD-8D58-755C274C80A1}.Release|Win32.ActiveCfg = Release|Win32
		{6B2AEEB2-F874-31DD-8D58-755C274C80A1}.Release|Win32.Build.0 = Release|Win32
		{6B2AEEB2-F874-31DD-8D58-755C274C80A1}.MinSizeRel|Win32.ActiveCfg = MinSizeRel|Win32
		{6B2AEEB2-F874-31DD-8D58-755C274C80A1}.MinSizeRel|Win32.Build.0 = MinSizeRel|Win32
		{6B2AEEB2-F874-31DD-8D58-755C274C80A1}.RelWithDebInfo|Win32.ActiveCfg = RelWithDebInfo|Win32
		{6B2AEEB2-F874-31DD-8D58-755C274C80A1}.RelWithDebInfo|Win32.Build.0 = RelWithDebInfo|Win32
		{96C0EA49-448E-364E-9415-A5FF4B6EAAC2}.Debug|Win32.ActiveCfg = Debug|Win32
		{96C0EA49-448E-364E-9415-A5FF4B6EAAC2}.Debug|Win32.Build.0 = Debug|Win32
		{96C0EA49-448E-364E-9415-A5FF4B6EAAC2}.Release|Win32.ActiveCfg = Release|Win32
		{96C0EA49-448E-364E-9415-A5FF4B6EAAC2}.Release|Win32.Build.0 = Release|Win32
		{96C0EA49-448E-364E-9415-A5FF4B6EAAC2}.MinSizeRel|Win32.ActiveCfg = MinSizeRel|Win32
		{96C0EA49-448E-364E-9415-A5FF4B6EAAC2}.MinSizeRel|Win32.Build.0 = MinSizeRel|Win32
		{96C0EA49-448E-364E-9415-A5FF4B6EAAC2}.RelWithDebInfo|Win32.ActiveCfg = RelWithDebInfo|Win32
		{96C0EA49-448E-364E-9415-A5FF4B6EAAC2}.RelWithDebInfo|Win32.Build.0 = RelWithDebInfo|Win32
	EndGlobalSection
	GlobalSection(ExtensibilityGlobals) = postSolution
	EndGlobalSection
	GlobalSection(ExtensibilityAddIns) = postSolution
	EndGlobalSection
EndGlobal
