<?xml version="1.0" encoding="UTF-8"?>
<Project ToolsVersion="12.0" xmlns="http://schemas.microsoft.com/developer/msbuild/2003">
  <ItemGroup>
    <CustomBuild Include="C:\Users\Kesis\Documents\SourceTree\Jopnal\extlibs\Visual Studio 12 2013\src\Bullet-build\CMakeFiles\0b03ea8f537ac04e2613976e5b33c87e\INSTALL_force.rule">
      <Filter>CMake Rules</Filter>
    </CustomBuild>
  </ItemGroup>
  <ItemGroup>
    <Filter Include="CMake Rules">
      <UniqueIdentifier>{A54BC382-DD3F-3433-8018-D9FEB34E85EB}</UniqueIdentifier>
    </Filter>
  </ItemGroup>
</Project>
