Microsoft Visual Studio Solution File, Format Version 12.00
# Visual Studio 2013
Project("{8BC9CEB8-8B4A-11D0-8D11-00A0C91BC942}") = "ALL_BUILD", "ALL_BUILD.vcxproj", "{39F049CC-DA2E-37D0-9A01-2CC9CC2414A7}"
	ProjectSection(ProjectDependencies) = postProject
		{7F9E0AB0-B541-3341-956F-8C1AEB204959} = {7F9E0AB0-B541-3341-956F-8C1AEB204959}
		{79BEF9C4-0F32-3012-9E8B-40E19FCCD675} = {79BEF9C4-0F32-3012-9E8B-40E19FCCD675}
	EndProjectSection
EndProject
Project("{8BC9CEB8-8B4A-11D0-8D11-00A0C91BC942}") = "Box2D", "include\Box2D\Box2D.vcxproj", "{7F9E0AB0-B541-3341-956F-8C1AEB204959}"
	ProjectSection(ProjectDependencies) = postProject
		{79BEF9C4-0F32-3012-9E8B-40E19FCCD675} = {79BEF9C4-0F32-3012-9E8B-40E19FCCD675}
	EndProjectSection
EndProject
Project("{8BC9CEB8-8B4A-11D0-8D11-00A0C91BC942}") = "ZERO_CHECK", "ZERO_CHECK.vcxproj", "{79BEF9C4-0F32-3012-9E8B-40E19FCCD675}"
	ProjectSection(ProjectDependencies) = postProject
	EndProjectSection
EndProject
Global
	GlobalSection(SolutionConfigurationPlatforms) = preSolution
		Debug|Win32 = Debug|Win32
		Release|Win32 = Release|Win32
		MinSizeRel|Win32 = MinSizeRel|Win32
		RelWithDebInfo|Win32 = RelWithDebInfo|Win32
	EndGlobalSection
	GlobalSection(ProjectConfigurationPlatforms) = postSolution
		{39F049CC-DA2E-37D0-9A01-2CC9CC2414A7}.Debug|Win32.ActiveCfg = Debug|Win32
		{39F049CC-DA2E-37D0-9A01-2CC9CC2414A7}.Release|Win32.ActiveCfg = Release|Win32
		{39F049CC-DA2E-37D0-9A01-2CC9CC2414A7}.MinSizeRel|Win32.ActiveCfg = MinSizeRel|Win32
		{39F049CC-DA2E-37D0-9A01-2CC9CC2414A7}.RelWithDebInfo|Win32.ActiveCfg = RelWithDebInfo|Win32
		{7F9E0AB0-B541-3341-956F-8C1AEB204959}.Debug|Win32.ActiveCfg = Debug|Win32
		{7F9E0AB0-B541-3341-956F-8C1AEB204959}.Debug|Win32.Build.0 = Debug|Win32
		{7F9E0AB0-B541-3341-956F-8C1AEB204959}.Release|Win32.ActiveCfg = Release|Win32
		{7F9E0AB0-B541-3341-956F-8C1AEB204959}.Release|Win32.Build.0 = Release|Win32
		{7F9E0AB0-B541-3341-956F-8C1AEB204959}.MinSizeRel|Win32.ActiveCfg = MinSizeRel|Win32
		{7F9E0AB0-B541-3341-956F-8C1AEB204959}.MinSizeRel|Win32.Build.0 = MinSizeRel|Win32
		{7F9E0AB0-B541-3341-956F-8C1AEB204959}.RelWithDebInfo|Win32.ActiveCfg = RelWithDebInfo|Win32
		{7F9E0AB0-B541-3341-956F-8C1AEB204959}.RelWithDebInfo|Win32.Build.0 = RelWithDebInfo|Win32
		{79BEF9C4-0F32-3012-9E8B-40E19FCCD675}.Debug|Win32.ActiveCfg = Debug|Win32
		{79BEF9C4-0F32-3012-9E8B-40E19FCCD675}.Debug|Win32.Build.0 = Debug|Win32
		{79BEF9C4-0F32-3012-9E8B-40E19FCCD675}.Release|Win32.ActiveCfg = Release|Win32
		{79BEF9C4-0F32-3012-9E8B-40E19FCCD675}.Release|Win32.Build.0 = Release|Win32
		{79BEF9C4-0F32-3012-9E8B-40E19FCCD675}.MinSizeRel|Win32.ActiveCfg = MinSizeRel|Win32
		{79BEF9C4-0F32-3012-9E8B-40E19FCCD675}.MinSizeRel|Win32.Build.0 = MinSizeRel|Win32
		{79BEF9C4-0F32-3012-9E8B-40E19FCCD675}.RelWithDebInfo|Win32.ActiveCfg = RelWithDebInfo|Win32
		{79BEF9C4-0F32-3012-9E8B-40E19FCCD675}.RelWithDebInfo|Win32.Build.0 = RelWithDebInfo|Win32
	EndGlobalSection
	GlobalSection(ExtensibilityGlobals) = postSolution
	EndGlobalSection
	GlobalSection(ExtensibilityAddIns) = postSolution
	EndGlobalSection
EndGlobal
